
Microsoft Visual Studio Solution File, Format Version 12.00
# Visual Studio Version 16
VisualStudioVersion = 16.0.30907.101
MinimumVisualStudioVersion = 10.0.40219.1
Project("{FAE04EC0-301F-11D3-BF4B-00C04F79EFBC}") = "HS", "HS\HS.csproj", "{78686816-9C2C-45DF-B1BD-86A2D55CA86D}"
EndProject
Global
	GlobalSection(SolutionConfigurationPlatforms) = preSolution
		Debug|Any CPU = Debug|Any CPU
		Release|Any CPU = Release|Any CPU
	EndGlobalSection
	GlobalSection(ProjectConfigurationPlatforms) = postSolution
		{78686816-9C2C-45DF-B1BD-86A2D55CA86D}.Debug|Any CPU.ActiveCfg = Debug|Any CPU
		{78686816-9C2C-45DF-B1BD-86A2D55CA86D}.Debug|Any CPU.Build.0 = Debug|Any CPU
		{78686816-9C2C-45DF-B1BD-86A2D55CA86D}.Release|Any CPU.ActiveCfg = Release|Any CPU
		{78686816-9C2C-45DF-B1BD-86A2D55CA86D}.Release|Any CPU.Build.0 = Release|Any CPU
	EndGlobalSection
	GlobalSection(SolutionProperties) = preSolution
		HideSolutionNode = FALSE
	EndGlobalSection
	GlobalSection(ExtensibilityGlobals) = postSolution
		SolutionGuid = {34186D5C-5904-4AD3-BFA2-1700E3375421}
	EndGlobalSection
EndGlobal
